
Microsoft Visual Studio Solution File, Format Version 9.00
# Visual Studio 2005
Project("{8BC9CEB8-8B4A-11D0-8D11-00A0C91BC942}") = "blurPython_msvc2005_sp1", "blurPython_msvc2005_sp1.vcproj", "{78FEBC09-C6EB-4D5F-A7A2-6D580847783E}"
EndProject
Global
	GlobalSection(SolutionConfigurationPlatforms) = preSolution
		Debug|Win32 = Debug|Win32
		Debug|x64 = Debug|x64
		Max10_Python24|Win32 = Max10_Python24|Win32
		Max10_Python24|x64 = Max10_Python24|x64
		Max10_Python25|Win32 = Max10_Python25|Win32
		Max10_Python25|x64 = Max10_Python25|x64
		Max10_Python26|Win32 = Max10_Python26|Win32
		Max10_Python26|x64 = Max10_Python26|x64
		Max2009_Python24|Win32 = Max2009_Python24|Win32
		Max2009_Python24|x64 = Max2009_Python24|x64
		Max2009x64_Python26_Hybrid|Win32 = Max2009x64_Python26_Hybrid|Win32
		Max2009x64_Python26_Hybrid|x64 = Max2009x64_Python26_Hybrid|x64
		Max2009x64_Python26|Win32 = Max2009x64_Python26|Win32
		Max2009x64_Python26|x64 = Max2009x64_Python26|x64
	EndGlobalSection
	GlobalSection(ProjectConfigurationPlatforms) = postSolution
		{78FEBC09-C6EB-4D5F-A7A2-6D580847783E}.Debug|Win32.ActiveCfg = Debug|Win32
		{78FEBC09-C6EB-4D5F-A7A2-6D580847783E}.Debug|Win32.Build.0 = Debug|Win32
		{78FEBC09-C6EB-4D5F-A7A2-6D580847783E}.Debug|x64.ActiveCfg = Debug|x64
		{78FEBC09-C6EB-4D5F-A7A2-6D580847783E}.Debug|x64.Build.0 = Debug|x64
		{78FEBC09-C6EB-4D5F-A7A2-6D580847783E}.Max10_Python24|Win32.ActiveCfg = Max10_Python24|Win32
		{78FEBC09-C6EB-4D5F-A7A2-6D580847783E}.Max10_Python24|Win32.Build.0 = Max10_Python24|Win32
		{78FEBC09-C6EB-4D5F-A7A2-6D580847783E}.Max10_Python24|x64.ActiveCfg = Max10_Python24|x64
		{78FEBC09-C6EB-4D5F-A7A2-6D580847783E}.Max10_Python24|x64.Build.0 = Max10_Python24|x64
		{78FEBC09-C6EB-4D5F-A7A2-6D580847783E}.Max10_Python25|Win32.ActiveCfg = Max10_Python25|Win32
		{78FEBC09-C6EB-4D5F-A7A2-6D580847783E}.Max10_Python25|Win32.Build.0 = Max10_Python25|Win32
		{78FEBC09-C6EB-4D5F-A7A2-6D580847783E}.Max10_Python25|x64.ActiveCfg = Max10_Python25|x64
		{78FEBC09-C6EB-4D5F-A7A2-6D580847783E}.Max10_Python25|x64.Build.0 = Max10_Python25|x64
		{78FEBC09-C6EB-4D5F-A7A2-6D580847783E}.Max10_Python26|Win32.ActiveCfg = Max10_Python26|Win32
		{78FEBC09-C6EB-4D5F-A7A2-6D580847783E}.Max10_Python26|Win32.Build.0 = Max10_Python26|Win32
		{78FEBC09-C6EB-4D5F-A7A2-6D580847783E}.Max10_Python26|x64.ActiveCfg = Max10_Python26|x64
		{78FEBC09-C6EB-4D5F-A7A2-6D580847783E}.Max10_Python26|x64.Build.0 = Max10_Python26|x64
		{78FEBC09-C6EB-4D5F-A7A2-6D580847783E}.Max2009_Python24|Win32.ActiveCfg = Max2009_Python24|Win32
		{78FEBC09-C6EB-4D5F-A7A2-6D580847783E}.Max2009_Python24|x64.ActiveCfg = Max2009_Python24|x64
		{78FEBC09-C6EB-4D5F-A7A2-6D580847783E}.Max2009_Python24|x64.Build.0 = Max2009_Python24|x64
		{78FEBC09-C6EB-4D5F-A7A2-6D580847783E}.Max2009x64_Python26_Hybrid|Win32.ActiveCfg = Max2009x64_Python26_Hybrid|x64
		{78FEBC09-C6EB-4D5F-A7A2-6D580847783E}.Max2009x64_Python26_Hybrid|Win32.Build.0 = Max2009x64_Python26_Hybrid|x64
		{78FEBC09-C6EB-4D5F-A7A2-6D580847783E}.Max2009x64_Python26_Hybrid|x64.ActiveCfg = Max2009x64_Python26_Hybrid|x64
		{78FEBC09-C6EB-4D5F-A7A2-6D580847783E}.Max2009x64_Python26_Hybrid|x64.Build.0 = Max2009x64_Python26_Hybrid|x64
		{78FEBC09-C6EB-4D5F-A7A2-6D580847783E}.Max2009x64_Python26|Win32.ActiveCfg = Max2009x64_Python26|Win32
		{78FEBC09-C6EB-4D5F-A7A2-6D580847783E}.Max2009x64_Python26|Win32.Build.0 = Max2009x64_Python26|Win32
		{78FEBC09-C6EB-4D5F-A7A2-6D580847783E}.Max2009x64_Python26|x64.ActiveCfg = Max2009x64_Python26|x64
	EndGlobalSection
	GlobalSection(SolutionProperties) = preSolution
		HideSolutionNode = FALSE
	EndGlobalSection
EndGlobal
