Microsoft Visual Studio Solution File, Format Version 12.00
# Visual Studio 14
VisualStudioVersion = 14.0.25420.1
MinimumVisualStudioVersion = 10.0.40219.1
Project("{8BC9CEB8-8B4A-11D0-8D11-00A0C91BC942}") = "blurPython", "blurPython_msvc2015.vcxproj", "{7C8FF99A-83C8-4354-9CE3-3FCE6FCBD6E3}"
EndProject
Global
	GlobalSection(SolutionConfigurationPlatforms) = preSolution
		Max2012_Python24|Win32 = Max2012_Python24|Win32
		Max2012_Python24|x64 = Max2012_Python24|x64
		Max2012x64_Python26_hybrid|Win32 = Max2012x64_Python26_hybrid|Win32
		Max2012x64_Python26_hybrid|x64 = Max2012x64_Python26_hybrid|x64
		Max2012x64_Python26|Win32 = Max2012x64_Python26|Win32
		Max2012x64_Python26|x64 = Max2012x64_Python26|x64
		Max2012x64_Python27|Win32 = Max2012x64_Python27|Win32
		Max2012x64_Python27|x64 = Max2012x64_Python27|x64
		Max2013x32_Python27|Win32 = Max2013x32_Python27|Win32
		Max2013x32_Python27|x64 = Max2013x32_Python27|x64
		Max2013x64_Python27|Win32 = Max2013x64_Python27|Win32
		Max2013x64_Python27|x64 = Max2013x64_Python27|x64
		Max2014_Python27|Win32 = Max2014_Python27|Win32
		Max2014_Python27|x64 = Max2014_Python27|x64
		Max2015_Python27|Win32 = Max2015_Python27|Win32
		Max2015_Python27|x64 = Max2015_Python27|x64
		Max2016_Python27|Win32 = Max2016_Python27|Win32
		Max2016_Python27|x64 = Max2016_Python27|x64
		Max2019_Python27|Win32 = Max2019_Python27|Win32
		Max2019_Python27|x64 = Max2019_Python27|x64
	EndGlobalSection
	GlobalSection(ProjectConfigurationPlatforms) = postSolution
		{7C8FF99A-83C8-4354-9CE3-3FCE6FCBD6E3}.Max2012_Python24|Win32.ActiveCfg = Max2012_Python24|Win32
		{7C8FF99A-83C8-4354-9CE3-3FCE6FCBD6E3}.Max2012_Python24|Win32.Build.0 = Max2012_Python24|Win32
		{7C8FF99A-83C8-4354-9CE3-3FCE6FCBD6E3}.Max2012_Python24|x64.ActiveCfg = Max2012_Python24|x64
		{7C8FF99A-83C8-4354-9CE3-3FCE6FCBD6E3}.Max2012_Python24|x64.Build.0 = Max2012_Python24|x64
		{7C8FF99A-83C8-4354-9CE3-3FCE6FCBD6E3}.Max2012x64_Python26_hybrid|Win32.ActiveCfg = Max2012x64_Python26_hybrid|Win32
		{7C8FF99A-83C8-4354-9CE3-3FCE6FCBD6E3}.Max2012x64_Python26_hybrid|Win32.Build.0 = Max2012x64_Python26_hybrid|Win32
		{7C8FF99A-83C8-4354-9CE3-3FCE6FCBD6E3}.Max2012x64_Python26_hybrid|x64.ActiveCfg = Max2012x64_Python26_hybrid|x64
		{7C8FF99A-83C8-4354-9CE3-3FCE6FCBD6E3}.Max2012x64_Python26_hybrid|x64.Build.0 = Max2012x64_Python26_hybrid|x64
		{7C8FF99A-83C8-4354-9CE3-3FCE6FCBD6E3}.Max2012x64_Python26|Win32.ActiveCfg = Max2012x64_Python26|Win32
		{7C8FF99A-83C8-4354-9CE3-3FCE6FCBD6E3}.Max2012x64_Python26|Win32.Build.0 = Max2012x64_Python26|Win32
		{7C8FF99A-83C8-4354-9CE3-3FCE6FCBD6E3}.Max2012x64_Python26|x64.ActiveCfg = Max2012x64_Python26|x64
		{7C8FF99A-83C8-4354-9CE3-3FCE6FCBD6E3}.Max2012x64_Python26|x64.Build.0 = Max2012x64_Python26|x64
		{7C8FF99A-83C8-4354-9CE3-3FCE6FCBD6E3}.Max2012x64_Python27|Win32.ActiveCfg = Max2012x64_Python27|Win32
		{7C8FF99A-83C8-4354-9CE3-3FCE6FCBD6E3}.Max2012x64_Python27|Win32.Build.0 = Max2012x64_Python27|Win32
		{7C8FF99A-83C8-4354-9CE3-3FCE6FCBD6E3}.Max2012x64_Python27|x64.ActiveCfg = Max2012x64_Python27|x64
		{7C8FF99A-83C8-4354-9CE3-3FCE6FCBD6E3}.Max2012x64_Python27|x64.Build.0 = Max2012x64_Python27|x64
		{7C8FF99A-83C8-4354-9CE3-3FCE6FCBD6E3}.Max2013x32_Python27|Win32.ActiveCfg = Max2013x32_Python27|Win32
		{7C8FF99A-83C8-4354-9CE3-3FCE6FCBD6E3}.Max2013x32_Python27|Win32.Build.0 = Max2013x32_Python27|Win32
		{7C8FF99A-83C8-4354-9CE3-3FCE6FCBD6E3}.Max2013x32_Python27|x64.ActiveCfg = Max2013x32_Python27|x64
		{7C8FF99A-83C8-4354-9CE3-3FCE6FCBD6E3}.Max2013x32_Python27|x64.Build.0 = Max2013x32_Python27|x64
		{7C8FF99A-83C8-4354-9CE3-3FCE6FCBD6E3}.Max2013x64_Python27|Win32.ActiveCfg = Max2013x64_Python27|Win32
		{7C8FF99A-83C8-4354-9CE3-3FCE6FCBD6E3}.Max2013x64_Python27|Win32.Build.0 = Max2013x64_Python27|Win32
		{7C8FF99A-83C8-4354-9CE3-3FCE6FCBD6E3}.Max2013x64_Python27|x64.ActiveCfg = Max2013x64_Python27|x64
		{7C8FF99A-83C8-4354-9CE3-3FCE6FCBD6E3}.Max2013x64_Python27|x64.Build.0 = Max2013x64_Python27|x64
		{7C8FF99A-83C8-4354-9CE3-3FCE6FCBD6E3}.Max2014_Python27|Win32.ActiveCfg = Max2014_Python27|Win32
		{7C8FF99A-83C8-4354-9CE3-3FCE6FCBD6E3}.Max2014_Python27|Win32.Build.0 = Max2014_Python27|Win32
		{7C8FF99A-83C8-4354-9CE3-3FCE6FCBD6E3}.Max2014_Python27|x64.ActiveCfg = Max2014_Python27|x64
		{7C8FF99A-83C8-4354-9CE3-3FCE6FCBD6E3}.Max2014_Python27|x64.Build.0 = Max2014_Python27|x64
		{7C8FF99A-83C8-4354-9CE3-3FCE6FCBD6E3}.Max2015_Python27|Win32.ActiveCfg = Max2015_Python27|Win32
		{7C8FF99A-83C8-4354-9CE3-3FCE6FCBD6E3}.Max2015_Python27|Win32.Build.0 = Max2015_Python27|Win32
		{7C8FF99A-83C8-4354-9CE3-3FCE6FCBD6E3}.Max2015_Python27|x64.ActiveCfg = Max2015_Python27|x64
		{7C8FF99A-83C8-4354-9CE3-3FCE6FCBD6E3}.Max2015_Python27|x64.Build.0 = Max2015_Python27|x64
		{7C8FF99A-83C8-4354-9CE3-3FCE6FCBD6E3}.Max2016_Python27|Win32.ActiveCfg = Max2016_Python27|Win32
		{7C8FF99A-83C8-4354-9CE3-3FCE6FCBD6E3}.Max2016_Python27|Win32.Build.0 = Max2016_Python27|Win32
		{7C8FF99A-83C8-4354-9CE3-3FCE6FCBD6E3}.Max2016_Python27|x64.ActiveCfg = Max2016_Python27|x64
		{7C8FF99A-83C8-4354-9CE3-3FCE6FCBD6E3}.Max2016_Python27|x64.Build.0 = Max2016_Python27|x64
		{7C8FF99A-83C8-4354-9CE3-3FCE6FCBD6E3}.Max2019_Python27|Win32.ActiveCfg = Max2019_Python27|x64
		{7C8FF99A-83C8-4354-9CE3-3FCE6FCBD6E3}.Max2019_Python27|Win32.Build.0 = Max2019_Python27|x64
		{7C8FF99A-83C8-4354-9CE3-3FCE6FCBD6E3}.Max2019_Python27|x64.ActiveCfg = Max2019_Python27|x64
		{7C8FF99A-83C8-4354-9CE3-3FCE6FCBD6E3}.Max2019_Python27|x64.Build.0 = Max2019_Python27|x64
	EndGlobalSection
	GlobalSection(SolutionProperties) = preSolution
		HideSolutionNode = FALSE
	EndGlobalSection
EndGlobal
